
Microsoft Visual Studio Solution File, Format Version 12.00
# Visual Studio Version 17
VisualStudioVersion = 17.0.31903.59
MinimumVisualStudioVersion = 10.0.40219.1
Project("{2150E333-8FDC-42A3-9474-1A3956D46DE8}") = "Engine", "Engine", "{D1D74442-B2A8-4638-8455-9A956715F2A4}"
EndProject
Project("{FAE04EC0-301F-11D3-BF4B-00C04F79EFBC}") = "Engine.ShaderCompiler", "Engine\ShaderCompiler\Engine.ShaderCompiler.csproj", "{1BA60AD7-0F7B-470F-8B21-EC1CEE4C0779}"
EndProject
Project("{FAE04EC0-301F-11D3-BF4B-00C04F79EFBC}") = "Engine.Desktop", "Engine\Desktop\Engine.Desktop.csproj", "{27367A41-91AF-42D6-9BC5-E4BAA13387DB}"
EndProject
Project("{FAE04EC0-301F-11D3-BF4B-00C04F79EFBC}") = "GameSrc", "GameSrc\GameSrc.csproj", "{5871B828-DCCF-4B82-918B-E31CCCADB4D7}"
EndProject
Project("{2150E333-8FDC-42A3-9474-1A3956D46DE8}") = "VMASharp", "VMASharp", "{696C5B9F-97A4-42B0-8374-B92241CE78A5}"
EndProject
Project("{FAE04EC0-301F-11D3-BF4B-00C04F79EFBC}") = "VMASharp", "VMASharp\VMASharp\VMASharp.csproj", "{1DA87654-4114-4775-9319-70AF093A1C10}"
EndProject
Global
	GlobalSection(SolutionConfigurationPlatforms) = preSolution
		Debug|Any CPU = Debug|Any CPU
		Release|Any CPU = Release|Any CPU
	EndGlobalSection
	GlobalSection(ProjectConfigurationPlatforms) = postSolution
		{1BA60AD7-0F7B-470F-8B21-EC1CEE4C0779}.Debug|Any CPU.ActiveCfg = Debug|Any CPU
		{1BA60AD7-0F7B-470F-8B21-EC1CEE4C0779}.Debug|Any CPU.Build.0 = Debug|Any CPU
		{1BA60AD7-0F7B-470F-8B21-EC1CEE4C0779}.Release|Any CPU.ActiveCfg = Release|Any CPU
		{1BA60AD7-0F7B-470F-8B21-EC1CEE4C0779}.Release|Any CPU.Build.0 = Release|Any CPU
		{27367A41-91AF-42D6-9BC5-E4BAA13387DB}.Debug|Any CPU.ActiveCfg = Debug|Any CPU
		{27367A41-91AF-42D6-9BC5-E4BAA13387DB}.Debug|Any CPU.Build.0 = Debug|Any CPU
		{27367A41-91AF-42D6-9BC5-E4BAA13387DB}.Release|Any CPU.ActiveCfg = Release|Any CPU
		{27367A41-91AF-42D6-9BC5-E4BAA13387DB}.Release|Any CPU.Build.0 = Release|Any CPU
		{5871B828-DCCF-4B82-918B-E31CCCADB4D7}.Debug|Any CPU.ActiveCfg = Debug|Any CPU
		{5871B828-DCCF-4B82-918B-E31CCCADB4D7}.Debug|Any CPU.Build.0 = Debug|Any CPU
		{5871B828-DCCF-4B82-918B-E31CCCADB4D7}.Release|Any CPU.ActiveCfg = Release|Any CPU
		{5871B828-DCCF-4B82-918B-E31CCCADB4D7}.Release|Any CPU.Build.0 = Release|Any CPU
		{1DA87654-4114-4775-9319-70AF093A1C10}.Debug|Any CPU.ActiveCfg = Debug|Any CPU
		{1DA87654-4114-4775-9319-70AF093A1C10}.Debug|Any CPU.Build.0 = Debug|Any CPU
		{1DA87654-4114-4775-9319-70AF093A1C10}.Release|Any CPU.ActiveCfg = Release|Any CPU
		{1DA87654-4114-4775-9319-70AF093A1C10}.Release|Any CPU.Build.0 = Release|Any CPU
	EndGlobalSection
	GlobalSection(SolutionProperties) = preSolution
		HideSolutionNode = FALSE
	EndGlobalSection
	GlobalSection(NestedProjects) = preSolution
		{1BA60AD7-0F7B-470F-8B21-EC1CEE4C0779} = {D1D74442-B2A8-4638-8455-9A956715F2A4}
		{27367A41-91AF-42D6-9BC5-E4BAA13387DB} = {D1D74442-B2A8-4638-8455-9A956715F2A4}
		{1DA87654-4114-4775-9319-70AF093A1C10} = {696C5B9F-97A4-42B0-8374-B92241CE78A5}
	EndGlobalSection
EndGlobal
